
Microsoft Visual Studio Solution File, Format Version 12.00
# Visual Studio 2013
VisualStudioVersion = 12.0.20617.1 PREVIEW
MinimumVisualStudioVersion = 10.0.40219.1
Project("{FAE04EC0-301F-11D3-BF4B-00C04F79EFBC}") = "Botox", "Botox\Botox.csproj", "{276C7A49-9006-4DA6-B846-AED3DBE3CD6B}"
EndProject
Project("{FAE04EC0-301F-11D3-BF4B-00C04F79EFBC}") = "BotoxTests", "BotoxTests\BotoxTests.csproj", "{F1BB7EC4-BCAB-4C23-80CF-08E3C297C7F8}"
EndProject
Global
	GlobalSection(SolutionConfigurationPlatforms) = preSolution
		Debug|Any CPU = Debug|Any CPU
		Release|Any CPU = Release|Any CPU
	EndGlobalSection
	GlobalSection(ProjectConfigurationPlatforms) = postSolution
		{276C7A49-9006-4DA6-B846-AED3DBE3CD6B}.Debug|Any CPU.ActiveCfg = Debug|Any CPU
		{276C7A49-9006-4DA6-B846-AED3DBE3CD6B}.Debug|Any CPU.Build.0 = Debug|Any CPU
		{276C7A49-9006-4DA6-B846-AED3DBE3CD6B}.Release|Any CPU.ActiveCfg = Release|Any CPU
		{276C7A49-9006-4DA6-B846-AED3DBE3CD6B}.Release|Any CPU.Build.0 = Release|Any CPU
		{F1BB7EC4-BCAB-4C23-80CF-08E3C297C7F8}.Debug|Any CPU.ActiveCfg = Debug|Any CPU
		{F1BB7EC4-BCAB-4C23-80CF-08E3C297C7F8}.Debug|Any CPU.Build.0 = Debug|Any CPU
		{F1BB7EC4-BCAB-4C23-80CF-08E3C297C7F8}.Release|Any CPU.ActiveCfg = Release|Any CPU
		{F1BB7EC4-BCAB-4C23-80CF-08E3C297C7F8}.Release|Any CPU.Build.0 = Release|Any CPU
	EndGlobalSection
	GlobalSection(SolutionProperties) = preSolution
		HideSolutionNode = FALSE
	EndGlobalSection
EndGlobal
